
Microsoft Visual Studio Solution File, Format Version 12.00
# Visual Studio 15
VisualStudioVersion = 15.0.27004.2005
MinimumVisualStudioVersion = 10.0.40219.1
Project("{FAE04EC0-301F-11D3-BF4B-00C04F79EFBC}") = "strings_practice", "strings_practice\strings_practice.csproj", "{78760034-E29F-48FB-B457-62F1560F1926}"
EndProject
Global
	GlobalSection(SolutionConfigurationPlatforms) = preSolution
		Debug|Any CPU = Debug|Any CPU
		Release|Any CPU = Release|Any CPU
	EndGlobalSection
	GlobalSection(ProjectConfigurationPlatforms) = postSolution
		{78760034-E29F-48FB-B457-62F1560F1926}.Debug|Any CPU.ActiveCfg = Debug|Any CPU
		{78760034-E29F-48FB-B457-62F1560F1926}.Debug|Any CPU.Build.0 = Debug|Any CPU
		{78760034-E29F-48FB-B457-62F1560F1926}.Release|Any CPU.ActiveCfg = Release|Any CPU
		{78760034-E29F-48FB-B457-62F1560F1926}.Release|Any CPU.Build.0 = Release|Any CPU
	EndGlobalSection
	GlobalSection(SolutionProperties) = preSolution
		HideSolutionNode = FALSE
	EndGlobalSection
	GlobalSection(ExtensibilityGlobals) = postSolution
		SolutionGuid = {B2262180-FFF0-4E6D-BF0F-4945EBDEB382}
	EndGlobalSection
EndGlobal
