
Microsoft Visual Studio Solution File, Format Version 12.00
# Visual Studio 15
VisualStudioVersion = 15.0.27004.2005
MinimumVisualStudioVersion = 10.0.40219.1
Project("{FAE04EC0-301F-11D3-BF4B-00C04F79EFBC}") = "InheritanceAccessModifiers", "InheritanceAccessModifiers\InheritanceAccessModifiers.csproj", "{99ABDE03-F82F-4886-AB98-C57111A010D1}"
EndProject
Project("{FAE04EC0-301F-11D3-BF4B-00C04F79EFBC}") = "Amazon", "Amazon\Amazon.csproj", "{1BC0588C-168A-433E-872E-AF929C6E6A97}"
EndProject
Global
	GlobalSection(SolutionConfigurationPlatforms) = preSolution
		Debug|Any CPU = Debug|Any CPU
		Release|Any CPU = Release|Any CPU
	EndGlobalSection
	GlobalSection(ProjectConfigurationPlatforms) = postSolution
		{99ABDE03-F82F-4886-AB98-C57111A010D1}.Debug|Any CPU.ActiveCfg = Debug|Any CPU
		{99ABDE03-F82F-4886-AB98-C57111A010D1}.Debug|Any CPU.Build.0 = Debug|Any CPU
		{99ABDE03-F82F-4886-AB98-C57111A010D1}.Release|Any CPU.ActiveCfg = Release|Any CPU
		{99ABDE03-F82F-4886-AB98-C57111A010D1}.Release|Any CPU.Build.0 = Release|Any CPU
		{1BC0588C-168A-433E-872E-AF929C6E6A97}.Debug|Any CPU.ActiveCfg = Debug|Any CPU
		{1BC0588C-168A-433E-872E-AF929C6E6A97}.Debug|Any CPU.Build.0 = Debug|Any CPU
		{1BC0588C-168A-433E-872E-AF929C6E6A97}.Release|Any CPU.ActiveCfg = Release|Any CPU
		{1BC0588C-168A-433E-872E-AF929C6E6A97}.Release|Any CPU.Build.0 = Release|Any CPU
	EndGlobalSection
	GlobalSection(SolutionProperties) = preSolution
		HideSolutionNode = FALSE
	EndGlobalSection
	GlobalSection(ExtensibilityGlobals) = postSolution
		SolutionGuid = {0327779B-42B8-459D-A14D-1893071BF386}
	EndGlobalSection
EndGlobal
