
Microsoft Visual Studio Solution File, Format Version 12.00
# Visual Studio 15
VisualStudioVersion = 15.0.27004.2005
MinimumVisualStudioVersion = 10.0.40219.1
Project("{FAE04EC0-301F-11D3-BF4B-00C04F79EFBC}") = "anagram deletions", "anagram deletions\anagram deletions.csproj", "{9AD0AAF7-6927-4355-8D25-5F2B4C622705}"
EndProject
Global
	GlobalSection(SolutionConfigurationPlatforms) = preSolution
		Debug|Any CPU = Debug|Any CPU
		Release|Any CPU = Release|Any CPU
	EndGlobalSection
	GlobalSection(ProjectConfigurationPlatforms) = postSolution
		{9AD0AAF7-6927-4355-8D25-5F2B4C622705}.Debug|Any CPU.ActiveCfg = Debug|Any CPU
		{9AD0AAF7-6927-4355-8D25-5F2B4C622705}.Debug|Any CPU.Build.0 = Debug|Any CPU
		{9AD0AAF7-6927-4355-8D25-5F2B4C622705}.Release|Any CPU.ActiveCfg = Release|Any CPU
		{9AD0AAF7-6927-4355-8D25-5F2B4C622705}.Release|Any CPU.Build.0 = Release|Any CPU
	EndGlobalSection
	GlobalSection(SolutionProperties) = preSolution
		HideSolutionNode = FALSE
	EndGlobalSection
	GlobalSection(ExtensibilityGlobals) = postSolution
		SolutionGuid = {93FD9003-85A7-4C9F-BDEB-9E22519B08F4}
	EndGlobalSection
EndGlobal
